
Microsoft Visual Studio Solution File, Format Version 12.00
# Visual Studio Version 16
VisualStudioVersion = 16.0.31424.327
MinimumVisualStudioVersion = 10.0.40219.1
Project("{888888A0-9F3D-457C-B088-3A5042F75D52}") = "FlameP", "FlameP\FlameP.pyproj", "{5A236BC4-C0AC-484F-A493-E48223B9C06F}"
EndProject
Global
	GlobalSection(SolutionConfigurationPlatforms) = preSolution
		Debug|Any CPU = Debug|Any CPU
		Release|Any CPU = Release|Any CPU
	EndGlobalSection
	GlobalSection(ProjectConfigurationPlatforms) = postSolution
		{5A236BC4-C0AC-484F-A493-E48223B9C06F}.Debug|Any CPU.ActiveCfg = Debug|Any CPU
		{5A236BC4-C0AC-484F-A493-E48223B9C06F}.Release|Any CPU.ActiveCfg = Release|Any CPU
	EndGlobalSection
	GlobalSection(SolutionProperties) = preSolution
		HideSolutionNode = FALSE
	EndGlobalSection
	GlobalSection(ExtensibilityGlobals) = postSolution
		SolutionGuid = {565E097C-5DF7-4706-B079-F27803DB21E9}
	EndGlobalSection
EndGlobal
